{
  "requires": true,
  "lockfileVersion": 1,
  "dependencies": {
    "gitbook-plugin-disqus": {
      "version": "0.1.0",
      "resolved": "http://r.cnpmjs.org/gitbook-plugin-disqus/download/gitbook-plugin-disqus-0.1.0.tgz",
      "integrity": "sha1-9gNfnEmHz1/JGA4FpkQ1pngpatY="
    },
    "gitbook-theme-comscore": {
      "version": "0.0.3",
      "resolved": "http://r.cnpmjs.org/gitbook-theme-comscore/download/gitbook-theme-comscore-0.0.3.tgz",
      "integrity": "sha1-0ToaThMcYC6JK1dpYY7CNaI/taU="
    }
  }
}
